
Microsoft Visual Studio Solution File, Format Version 12.00
# Visual Studio 15
VisualStudioVersion = 15.0.27130.2010
MinimumVisualStudioVersion = 10.0.40219.1
Project("{FAE04EC0-301F-11D3-BF4B-00C04F79EFBC}") = "Activity3", "Activity3\Activity3.csproj", "{CAE332C2-6507-4B2E-B044-DBD33936F71F}"
EndProject
Project("{FAE04EC0-301F-11D3-BF4B-00C04F79EFBC}") = "HelloWorldService", "HelloWorldService\HelloWorldService.csproj", "{614EDF11-DBAC-458D-AA87-D56EF059C926}"
EndProject
Global
	GlobalSection(SolutionConfigurationPlatforms) = preSolution
		Debug|Any CPU = Debug|Any CPU
		Release|Any CPU = Release|Any CPU
	EndGlobalSection
	GlobalSection(ProjectConfigurationPlatforms) = postSolution
		{CAE332C2-6507-4B2E-B044-DBD33936F71F}.Debug|Any CPU.ActiveCfg = Debug|Any CPU
		{CAE332C2-6507-4B2E-B044-DBD33936F71F}.Debug|Any CPU.Build.0 = Debug|Any CPU
		{CAE332C2-6507-4B2E-B044-DBD33936F71F}.Release|Any CPU.ActiveCfg = Release|Any CPU
		{CAE332C2-6507-4B2E-B044-DBD33936F71F}.Release|Any CPU.Build.0 = Release|Any CPU
		{614EDF11-DBAC-458D-AA87-D56EF059C926}.Debug|Any CPU.ActiveCfg = Debug|Any CPU
		{614EDF11-DBAC-458D-AA87-D56EF059C926}.Debug|Any CPU.Build.0 = Debug|Any CPU
		{614EDF11-DBAC-458D-AA87-D56EF059C926}.Release|Any CPU.ActiveCfg = Release|Any CPU
		{614EDF11-DBAC-458D-AA87-D56EF059C926}.Release|Any CPU.Build.0 = Release|Any CPU
	EndGlobalSection
	GlobalSection(SolutionProperties) = preSolution
		HideSolutionNode = FALSE
	EndGlobalSection
	GlobalSection(ExtensibilityGlobals) = postSolution
		SolutionGuid = {783A895D-B353-4C99-9A51-57F10E99C5A5}
	EndGlobalSection
EndGlobal
